
Microsoft Visual Studio Solution File, Format Version 12.00
# Visual Studio 2013
VisualStudioVersion = 12.0.21005.1
MinimumVisualStudioVersion = 10.0.40219.1
Project("{2150E333-8FDC-42A3-9474-1A3956D46DE8}") = "1-Src", "1-Src", "{A1DACE2A-7EC1-4775-8826-53A7CB8FEBEA}"
EndProject
Project("{2150E333-8FDC-42A3-9474-1A3956D46DE8}") = "2-Demo", "2-Demo", "{91429B95-039D-46CF-976A-9A8FEB5C2EEA}"
EndProject
Project("{2150E333-8FDC-42A3-9474-1A3956D46DE8}") = "3-Tests", "3-Tests", "{2182EAC6-6031-42CA-98BF-0C176854084D}"
EndProject
Project("{FAE04EC0-301F-11D3-BF4B-00C04F79EFBC}") = "Seif.Rpc", "1-Src\Seif.Rpc\Seif.Rpc.csproj", "{EF5DD43C-7961-4B89-8A5B-6DE3D2B7DD46}"
EndProject
Project("{FAE04EC0-301F-11D3-BF4B-00C04F79EFBC}") = "Seif.UnitTest", "3-Tests\Seif.UnitTest\Seif.UnitTest.csproj", "{0087F1E3-6177-433A-ADE3-6FB855661582}"
EndProject
Project("{FAE04EC0-301F-11D3-BF4B-00C04F79EFBC}") = "Demo.Server", "2-Demo\Demo.Server\Demo.Server.csproj", "{0ABB8B80-6AD8-45D8-B9D3-3DFF904EC034}"
EndProject
Project("{FAE04EC0-301F-11D3-BF4B-00C04F79EFBC}") = "Demo.Client", "2-Demo\Demo.Client\Demo.Client.csproj", "{A7E0A9A2-3410-414C-84A4-B50D6A417385}"
EndProject
Project("{FAE04EC0-301F-11D3-BF4B-00C04F79EFBC}") = "Demo.Service", "Demo.Service\Demo.Service.csproj", "{0090A00F-3BA6-41CB-A8B2-C44080CD5B3A}"
EndProject
Project("{FAE04EC0-301F-11D3-BF4B-00C04F79EFBC}") = "Seif.Rpc.Default", "1-Src\Seif.Rpc.Default\Seif.Rpc.Default.csproj", "{8395B3D2-C993-4A6A-BB30-DA74E8A5EC17}"
EndProject
Project("{2150E333-8FDC-42A3-9474-1A3956D46DE8}") = "8-Core", "8-Core", "{C5743572-B83B-4962-B672-6EE392F885BE}"
EndProject
Global
	GlobalSection(SolutionConfigurationPlatforms) = preSolution
		Debug|Any CPU = Debug|Any CPU
		Release|Any CPU = Release|Any CPU
	EndGlobalSection
	GlobalSection(ProjectConfigurationPlatforms) = postSolution
		{EF5DD43C-7961-4B89-8A5B-6DE3D2B7DD46}.Debug|Any CPU.ActiveCfg = Debug|Any CPU
		{EF5DD43C-7961-4B89-8A5B-6DE3D2B7DD46}.Debug|Any CPU.Build.0 = Debug|Any CPU
		{EF5DD43C-7961-4B89-8A5B-6DE3D2B7DD46}.Release|Any CPU.ActiveCfg = Release|Any CPU
		{EF5DD43C-7961-4B89-8A5B-6DE3D2B7DD46}.Release|Any CPU.Build.0 = Release|Any CPU
		{0087F1E3-6177-433A-ADE3-6FB855661582}.Debug|Any CPU.ActiveCfg = Debug|Any CPU
		{0087F1E3-6177-433A-ADE3-6FB855661582}.Debug|Any CPU.Build.0 = Debug|Any CPU
		{0087F1E3-6177-433A-ADE3-6FB855661582}.Release|Any CPU.ActiveCfg = Release|Any CPU
		{0087F1E3-6177-433A-ADE3-6FB855661582}.Release|Any CPU.Build.0 = Release|Any CPU
		{0ABB8B80-6AD8-45D8-B9D3-3DFF904EC034}.Debug|Any CPU.ActiveCfg = Debug|Any CPU
		{0ABB8B80-6AD8-45D8-B9D3-3DFF904EC034}.Debug|Any CPU.Build.0 = Debug|Any CPU
		{0ABB8B80-6AD8-45D8-B9D3-3DFF904EC034}.Release|Any CPU.ActiveCfg = Release|Any CPU
		{0ABB8B80-6AD8-45D8-B9D3-3DFF904EC034}.Release|Any CPU.Build.0 = Release|Any CPU
		{A7E0A9A2-3410-414C-84A4-B50D6A417385}.Debug|Any CPU.ActiveCfg = Debug|Any CPU
		{A7E0A9A2-3410-414C-84A4-B50D6A417385}.Debug|Any CPU.Build.0 = Debug|Any CPU
		{A7E0A9A2-3410-414C-84A4-B50D6A417385}.Release|Any CPU.ActiveCfg = Release|Any CPU
		{A7E0A9A2-3410-414C-84A4-B50D6A417385}.Release|Any CPU.Build.0 = Release|Any CPU
		{0090A00F-3BA6-41CB-A8B2-C44080CD5B3A}.Debug|Any CPU.ActiveCfg = Debug|Any CPU
		{0090A00F-3BA6-41CB-A8B2-C44080CD5B3A}.Debug|Any CPU.Build.0 = Debug|Any CPU
		{0090A00F-3BA6-41CB-A8B2-C44080CD5B3A}.Release|Any CPU.ActiveCfg = Release|Any CPU
		{0090A00F-3BA6-41CB-A8B2-C44080CD5B3A}.Release|Any CPU.Build.0 = Release|Any CPU
		{8395B3D2-C993-4A6A-BB30-DA74E8A5EC17}.Debug|Any CPU.ActiveCfg = Debug|Any CPU
		{8395B3D2-C993-4A6A-BB30-DA74E8A5EC17}.Debug|Any CPU.Build.0 = Debug|Any CPU
		{8395B3D2-C993-4A6A-BB30-DA74E8A5EC17}.Release|Any CPU.ActiveCfg = Release|Any CPU
		{8395B3D2-C993-4A6A-BB30-DA74E8A5EC17}.Release|Any CPU.Build.0 = Release|Any CPU
	EndGlobalSection
	GlobalSection(SolutionProperties) = preSolution
		HideSolutionNode = FALSE
	EndGlobalSection
	GlobalSection(NestedProjects) = preSolution
		{EF5DD43C-7961-4B89-8A5B-6DE3D2B7DD46} = {A1DACE2A-7EC1-4775-8826-53A7CB8FEBEA}
		{8395B3D2-C993-4A6A-BB30-DA74E8A5EC17} = {A1DACE2A-7EC1-4775-8826-53A7CB8FEBEA}
		{0ABB8B80-6AD8-45D8-B9D3-3DFF904EC034} = {91429B95-039D-46CF-976A-9A8FEB5C2EEA}
		{A7E0A9A2-3410-414C-84A4-B50D6A417385} = {91429B95-039D-46CF-976A-9A8FEB5C2EEA}
		{0090A00F-3BA6-41CB-A8B2-C44080CD5B3A} = {91429B95-039D-46CF-976A-9A8FEB5C2EEA}
		{0087F1E3-6177-433A-ADE3-6FB855661582} = {2182EAC6-6031-42CA-98BF-0C176854084D}
	EndGlobalSection
EndGlobal
